
Microsoft Visual Studio Solution File, Format Version 12.00
# Visual Studio Version 17
VisualStudioVersion = 17.0.31903.59
MinimumVisualStudioVersion = 10.0.40219.1
Project("{FAE04EC0-301F-11D3-BF4B-00C04F79EFBC}") = "DoHuyAn_BTVN_02", "BTVN_02\DoHuyAn_BTVN_02.csproj", "{255D44E6-E739-A5F5-A046-4F6442AE0290}"
EndProject
Project("{FAE04EC0-301F-11D3-BF4B-00C04F79EFBC}") = "Giai_PT_Bac_2", "Giai_PT_Bac_2\Giai_PT_Bac_2.csproj", "{A2AC23EB-04B5-1524-B28D-351A46075F20}"
EndProject
Global
	GlobalSection(SolutionConfigurationPlatforms) = preSolution
		Debug|Any CPU = Debug|Any CPU
		Release|Any CPU = Release|Any CPU
	EndGlobalSection
	GlobalSection(ProjectConfigurationPlatforms) = postSolution
		{255D44E6-E739-A5F5-A046-4F6442AE0290}.Debug|Any CPU.ActiveCfg = Debug|Any CPU
		{255D44E6-E739-A5F5-A046-4F6442AE0290}.Debug|Any CPU.Build.0 = Debug|Any CPU
		{255D44E6-E739-A5F5-A046-4F6442AE0290}.Release|Any CPU.ActiveCfg = Release|Any CPU
		{255D44E6-E739-A5F5-A046-4F6442AE0290}.Release|Any CPU.Build.0 = Release|Any CPU
		{A2AC23EB-04B5-1524-B28D-351A46075F20}.Debug|Any CPU.ActiveCfg = Debug|Any CPU
		{A2AC23EB-04B5-1524-B28D-351A46075F20}.Debug|Any CPU.Build.0 = Debug|Any CPU
		{A2AC23EB-04B5-1524-B28D-351A46075F20}.Release|Any CPU.ActiveCfg = Release|Any CPU
		{A2AC23EB-04B5-1524-B28D-351A46075F20}.Release|Any CPU.Build.0 = Release|Any CPU
	EndGlobalSection
	GlobalSection(SolutionProperties) = preSolution
		HideSolutionNode = FALSE
	EndGlobalSection
EndGlobal
